
Microsoft Visual Studio Solution File, Format Version 12.00
Project("{FAE04EC0-301F-11D3-BF4B-00C04F79EFBC}") = "LogAnalyzerForWindows", "LogAnalyzerForWindows\LogAnalyzerForWindows.csproj", "{0822834C-0ED8-40D8-81BE-B7FF4101325F}"
EndProject
Project("{2150E333-8FDC-42A3-9474-1A3956D46DE8}") = "src", "src", "{7FF23F8D-2C0B-4BCC-A313-F63DC7A65CE2}"
EndProject
Project("{2150E333-8FDC-42A3-9474-1A3956D46DE8}") = "Solution Items", "Solution Items", "{3569EC7A-7C63-4875-8FCC-9373CFE08D1D}"
	ProjectSection(SolutionItems) = preProject
		README.md = README.md
		Directory.Packages.props = Directory.Packages.props
	EndProjectSection
EndProject
Global
	GlobalSection(SolutionConfigurationPlatforms) = preSolution
		Debug|Any CPU = Debug|Any CPU
		Release|Any CPU = Release|Any CPU
	EndGlobalSection
	GlobalSection(ProjectConfigurationPlatforms) = postSolution
		{0822834C-0ED8-40D8-81BE-B7FF4101325F}.Debug|Any CPU.ActiveCfg = Debug|Any CPU
		{0822834C-0ED8-40D8-81BE-B7FF4101325F}.Debug|Any CPU.Build.0 = Debug|Any CPU
		{0822834C-0ED8-40D8-81BE-B7FF4101325F}.Release|Any CPU.ActiveCfg = Release|Any CPU
		{0822834C-0ED8-40D8-81BE-B7FF4101325F}.Release|Any CPU.Build.0 = Release|Any CPU
	EndGlobalSection
	GlobalSection(NestedProjects) = preSolution
		{0822834C-0ED8-40D8-81BE-B7FF4101325F} = {7FF23F8D-2C0B-4BCC-A313-F63DC7A65CE2}
	EndGlobalSection
EndGlobal
