
Microsoft Visual Studio Solution File, Format Version 12.00
Project("{FAE04EC0-301F-11D3-BF4B-00C04F79EFBC}") = "LogAnalyzerForWindows", "LogAnalyzerForWindows\LogAnalyzerForWindows.csproj", "{0822834C-0ED8-40D8-81BE-B7FF4101325F}"
EndProject
Global
	GlobalSection(SolutionConfigurationPlatforms) = preSolution
		Debug|Any CPU = Debug|Any CPU
		Release|Any CPU = Release|Any CPU
	EndGlobalSection
	GlobalSection(ProjectConfigurationPlatforms) = postSolution
		{0822834C-0ED8-40D8-81BE-B7FF4101325F}.Debug|Any CPU.ActiveCfg = Debug|Any CPU
		{0822834C-0ED8-40D8-81BE-B7FF4101325F}.Debug|Any CPU.Build.0 = Debug|Any CPU
		{0822834C-0ED8-40D8-81BE-B7FF4101325F}.Release|Any CPU.ActiveCfg = Release|Any CPU
		{0822834C-0ED8-40D8-81BE-B7FF4101325F}.Release|Any CPU.Build.0 = Release|Any CPU
	EndGlobalSection
EndGlobal
